// !$*UTF8*$!
{
	archiveVersion = 1;
	classes = {
	};
	objectVersion = 46;
	objects = {

/* Begin PBXBuildFile section */
		252C11001D9AA5EC00D2E8F0 /* main.m in Sources */ = {isa = PBXBuildFile; fileRef = 252C10FF1D9AA5EC00D2E8F0 /* main.m */; };
		252C11031D9AA5EC00D2E8F0 /* AppDelegate.m in Sources */ = {isa = PBXBuildFile; fileRef = 252C11021D9AA5EC00D2E8F0 /* AppDelegate.m */; };
		252C11061D9AA5EC00D2E8F0 /* ViewController.m in Sources */ = {isa = PBXBuildFile; fileRef = 252C11051D9AA5EC00D2E8F0 /* ViewController.m */; };
		252C11091D9AA5EC00D2E8F0 /* Main.storyboard in Resources */ = {isa = PBXBuildFile; fileRef = 252C11071D9AA5EC00D2E8F0 /* Main.storyboard */; };
		252C110B1D9AA5EC00D2E8F0 /* Assets.xcassets in Resources */ = {isa = PBXBuildFile; fileRef = 252C110A1D9AA5EC00D2E8F0 /* Assets.xcassets */; };
		252C110E1D9AA5EC00D2E8F0 /* LaunchScreen.storyboard in Resources */ = {isa = PBXBuildFile; fileRef = 252C110C1D9AA5EC00D2E8F0 /* LaunchScreen.storyboard */; };
		252C11271D9B59EF00D2E8F0 /* JCObserver.m in Sources */ = {isa = PBXBuildFile; fileRef = 252C11221D9B59EF00D2E8F0 /* JCObserver.m */; };
		252C11281D9B59EF00D2E8F0 /* NSObject+JCBind.m in Sources */ = {isa = PBXBuildFile; fileRef = 252C11241D9B59EF00D2E8F0 /* NSObject+JCBind.m */; };
		252C11291D9B59EF00D2E8F0 /* NSObject+JCObserverKVO.m in Sources */ = {isa = PBXBuildFile; fileRef = 252C11261D9B59EF00D2E8F0 /* NSObject+JCObserverKVO.m */; };
		252C112D1D9B5EBC00D2E8F0 /* NSObject+JCJSON.m in Sources */ = {isa = PBXBuildFile; fileRef = 252C112C1D9B5EBC00D2E8F0 /* NSObject+JCJSON.m */; };
		252C113C1D9B620000D2E8F0 /* NSData+JCData.m in Sources */ = {isa = PBXBuildFile; fileRef = 252C11351D9B620000D2E8F0 /* NSData+JCData.m */; };
		252C113D1D9B620000D2E8F0 /* NSDate+JCDate.m in Sources */ = {isa = PBXBuildFile; fileRef = 252C11381D9B620000D2E8F0 /* NSDate+JCDate.m */; };
		252C113E1D9B620000D2E8F0 /* NSTimer+JCBlock.m in Sources */ = {isa = PBXBuildFile; fileRef = 252C113B1D9B620000D2E8F0 /* NSTimer+JCBlock.m */; };
		252C11421D9B629D00D2E8F0 /* JCSQLite3.m in Sources */ = {isa = PBXBuildFile; fileRef = 252C11411D9B629D00D2E8F0 /* JCSQLite3.m */; };
		252C11451D9B62E200D2E8F0 /* libsqlite3.tbd in Frameworks */ = {isa = PBXBuildFile; fileRef = 252C11441D9B62E200D2E8F0 /* libsqlite3.tbd */; };
		252C11491D9B641A00D2E8F0 /* NSString+JCString.m in Sources */ = {isa = PBXBuildFile; fileRef = 252C11481D9B641A00D2E8F0 /* NSString+JCString.m */; };
		252C11541D9BBF8200D2E8F0 /* UIColor+JCColor.m in Sources */ = {isa = PBXBuildFile; fileRef = 252C11531D9BBF8200D2E8F0 /* UIColor+JCColor.m */; };
		252C11571D9BC87B00D2E8F0 /* UIColor+JCSeries.m in Sources */ = {isa = PBXBuildFile; fileRef = 252C11561D9BC87B00D2E8F0 /* UIColor+JCSeries.m */; };
		252C115B1D9BD20200D2E8F0 /* UIButton+JCButtonSimplify.m in Sources */ = {isa = PBXBuildFile; fileRef = 252C115A1D9BD20200D2E8F0 /* UIButton+JCButtonSimplify.m */; };
		252C115F1D9BD24700D2E8F0 /* UIScreen+JCScale.m in Sources */ = {isa = PBXBuildFile; fileRef = 252C115E1D9BD24700D2E8F0 /* UIScreen+JCScale.m */; };
		252C11631D9BD52100D2E8F0 /* UIDevice+JCDevice.m in Sources */ = {isa = PBXBuildFile; fileRef = 252C11621D9BD52100D2E8F0 /* UIDevice+JCDevice.m */; };
		252C116C1D9CBD4C00D2E8F0 /* JCFoundationExampleViewController.m in Sources */ = {isa = PBXBuildFile; fileRef = 252C116B1D9CBD4C00D2E8F0 /* JCFoundationExampleViewController.m */; };
		252C116F1D9CBD7000D2E8F0 /* JCUIKitExampleViewController.m in Sources */ = {isa = PBXBuildFile; fileRef = 252C116E1D9CBD7000D2E8F0 /* JCUIKitExampleViewController.m */; };
		252C11731D9CC1AA00D2E8F0 /* JCUIDeviceExampleViewController.m in Sources */ = {isa = PBXBuildFile; fileRef = 252C11721D9CC1AA00D2E8F0 /* JCUIDeviceExampleViewController.m */; };
		252C11771D9CEB5C00D2E8F0 /* UIApplication+JCApplication.m in Sources */ = {isa = PBXBuildFile; fileRef = 252C11761D9CEB5C00D2E8F0 /* UIApplication+JCApplication.m */; };
		252C117B1D9CEDB400D2E8F0 /* UIFont+JCScale.m in Sources */ = {isa = PBXBuildFile; fileRef = 252C117A1D9CEDB400D2E8F0 /* UIFont+JCScale.m */; };
		252C117F1D9CF86E00D2E8F0 /* UIImage+JCImage.m in Sources */ = {isa = PBXBuildFile; fileRef = 252C117E1D9CF86E00D2E8F0 /* UIImage+JCImage.m */; };
		252C11831D9D167E00D2E8F0 /* NSNumber+JCNumber.m in Sources */ = {isa = PBXBuildFile; fileRef = 252C11821D9D167E00D2E8F0 /* NSNumber+JCNumber.m */; };
		252C11861D9D61C000D2E8F0 /* JCClassInfo.m in Sources */ = {isa = PBXBuildFile; fileRef = 252C11851D9D61C000D2E8F0 /* JCClassInfo.m */; };
		252C118E1D9DF47C00D2E8F0 /* JCKitDemoTests.m in Sources */ = {isa = PBXBuildFile; fileRef = 252C118D1D9DF47C00D2E8F0 /* JCKitDemoTests.m */; };
		252C11971D9DF58100D2E8F0 /* JCPerson.m in Sources */ = {isa = PBXBuildFile; fileRef = 252C11961D9DF58100D2E8F0 /* JCPerson.m */; };
		259313EB1DA550FB006A4897 /* JCStream.m in Sources */ = {isa = PBXBuildFile; fileRef = 259313EA1DA550FB006A4897 /* JCStream.m */; };
		259414BC1DA79BF9004FE594 /* NSObject+JCStram.m in Sources */ = {isa = PBXBuildFile; fileRef = 259414BB1DA79BF9004FE594 /* NSObject+JCStram.m */; };
		25AD33BF1DAA387B0027667D /* JCCustomerDemoViewController.m in Sources */ = {isa = PBXBuildFile; fileRef = 25AD33BE1DAA387B0027667D /* JCCustomerDemoViewController.m */; };
		25AD33C31DAA38FF0027667D /* JCPopupViewController.m in Sources */ = {isa = PBXBuildFile; fileRef = 25AD33C21DAA38FF0027667D /* JCPopupViewController.m */; };
		25AD33C71DAB27630027667D /* UIControl+JCControl.m in Sources */ = {isa = PBXBuildFile; fileRef = 25AD33C61DAB27630027667D /* UIControl+JCControl.m */; };
		25AD33F61DAB39630027667D /* UIAlertView+JCStream.m in Sources */ = {isa = PBXBuildFile; fileRef = 25AD33F51DAB39630027667D /* UIAlertView+JCStream.m */; };
		25AD33FA1DAB5EF60027667D /* NSException+JCException.m in Sources */ = {isa = PBXBuildFile; fileRef = 25AD33F91DAB5EF60027667D /* NSException+JCException.m */; };
		25AD33FE1DAB86600027667D /* UIImagePickerController+JCStream.m in Sources */ = {isa = PBXBuildFile; fileRef = 25AD33FD1DAB86600027667D /* UIImagePickerController+JCStream.m */; };
		25C505901D9E6D3D00F3063D /* JCFontViewController.m in Sources */ = {isa = PBXBuildFile; fileRef = 25C5058F1D9E6D3D00F3063D /* JCFontViewController.m */; };
		25C505961DA0C70A00F3063D /* NSObject+JCObject.m in Sources */ = {isa = PBXBuildFile; fileRef = 25C505951DA0C70A00F3063D /* NSObject+JCObject.m */; };
		25C5059B1DA0CBBA00F3063D /* UITextField+JCTextField.m in Sources */ = {isa = PBXBuildFile; fileRef = 25C5059A1DA0CBBA00F3063D /* UITextField+JCTextField.m */; };
		25C505A31DA0E67F00F3063D /* JCArchiveTool.m in Sources */ = {isa = PBXBuildFile; fileRef = 25C505A01DA0E67F00F3063D /* JCArchiveTool.m */; };
		25C505A41DA0E67F00F3063D /* JCEncodeModel.m in Sources */ = {isa = PBXBuildFile; fileRef = 25C505A21DA0E67F00F3063D /* JCEncodeModel.m */; };
		25C505AB1DA1371C00F3063D /* UIView+JCView.m in Sources */ = {isa = PBXBuildFile; fileRef = 25C505AA1DA1371C00F3063D /* UIView+JCView.m */; };
		25C505AF1DA1500100F3063D /* UIWebView+JCJavaScript.m in Sources */ = {isa = PBXBuildFile; fileRef = 25C505AE1DA1500100F3063D /* UIWebView+JCJavaScript.m */; };
		25F840291DA8D09B006DF28B /* JCBaseViewController.m in Sources */ = {isa = PBXBuildFile; fileRef = 25F840281DA8D09B006DF28B /* JCBaseViewController.m */; };
		25F840561DA9E12C006DF28B /* JCWeakProxy.m in Sources */ = {isa = PBXBuildFile; fileRef = 25F840551DA9E12C006DF28B /* JCWeakProxy.m */; };
		25F840651DAA149B006DF28B /* UIView+JCLayout.m in Sources */ = {isa = PBXBuildFile; fileRef = 25F840621DAA149B006DF28B /* UIView+JCLayout.m */; };
		25F840661DAA149B006DF28B /* UIView+JCRect.m in Sources */ = {isa = PBXBuildFile; fileRef = 25F840641DAA149B006DF28B /* UIView+JCRect.m */; };
		25F8406A1DAA1B3B006DF28B /* NSArray+JCBlock.m in Sources */ = {isa = PBXBuildFile; fileRef = 25F840691DAA1B3B006DF28B /* NSArray+JCBlock.m */; };
		25F8406E1DAA219D006DF28B /* NSDictionary+JCBlock.m in Sources */ = {isa = PBXBuildFile; fileRef = 25F8406D1DAA219D006DF28B /* NSDictionary+JCBlock.m */; };
		25F840731DAA2B77006DF28B /* JCPopupBaseView.m in Sources */ = {isa = PBXBuildFile; fileRef = 25F840721DAA2B77006DF28B /* JCPopupBaseView.m */; };
/* End PBXBuildFile section */

/* Begin PBXContainerItemProxy section */
		252C11901D9DF47C00D2E8F0 /* PBXContainerItemProxy */ = {
			isa = PBXContainerItemProxy;
			containerPortal = 252C10F31D9AA5EC00D2E8F0 /* Project object */;
			proxyType = 1;
			remoteGlobalIDString = 252C10FA1D9AA5EC00D2E8F0;
			remoteInfo = JCKitDemo;
		};
/* End PBXContainerItemProxy section */

/* Begin PBXFileReference section */
		252C10FB1D9AA5EC00D2E8F0 /* JCKitDemo.app */ = {isa = PBXFileReference; explicitFileType = wrapper.application; includeInIndex = 0; path = JCKitDemo.app; sourceTree = BUILT_PRODUCTS_DIR; };
		252C10FF1D9AA5EC00D2E8F0 /* main.m */ = {isa = PBXFileReference; lastKnownFileType = sourcecode.c.objc; path = main.m; sourceTree = "<group>"; };
		252C11011D9AA5EC00D2E8F0 /* AppDelegate.h */ = {isa = PBXFileReference; lastKnownFileType = sourcecode.c.h; path = AppDelegate.h; sourceTree = "<group>"; };
		252C11021D9AA5EC00D2E8F0 /* AppDelegate.m */ = {isa = PBXFileReference; lastKnownFileType = sourcecode.c.objc; path = AppDelegate.m; sourceTree = "<group>"; };
		252C11041D9AA5EC00D2E8F0 /* ViewController.h */ = {isa = PBXFileReference; lastKnownFileType = sourcecode.c.h; path = ViewController.h; sourceTree = "<group>"; };
		252C11051D9AA5EC00D2E8F0 /* ViewController.m */ = {isa = PBXFileReference; lastKnownFileType = sourcecode.c.objc; path = ViewController.m; sourceTree = "<group>"; };
		252C11081D9AA5EC00D2E8F0 /* Base */ = {isa = PBXFileReference; lastKnownFileType = file.storyboard; name = Base; path = Base.lproj/Main.storyboard; sourceTree = "<group>"; };
		252C110A1D9AA5EC00D2E8F0 /* Assets.xcassets */ = {isa = PBXFileReference; lastKnownFileType = folder.assetcatalog; path = Assets.xcassets; sourceTree = "<group>"; };
		252C110D1D9AA5EC00D2E8F0 /* Base */ = {isa = PBXFileReference; lastKnownFileType = file.storyboard; name = Base; path = Base.lproj/LaunchScreen.storyboard; sourceTree = "<group>"; };
		252C110F1D9AA5EC00D2E8F0 /* Info.plist */ = {isa = PBXFileReference; lastKnownFileType = text.plist.xml; path = Info.plist; sourceTree = "<group>"; };
		252C11171D9AA67F00D2E8F0 /* JCKitMacro.h */ = {isa = PBXFileReference; lastKnownFileType = sourcecode.c.h; path = JCKitMacro.h; sourceTree = "<group>"; };
		252C11211D9B59EF00D2E8F0 /* JCObserver.h */ = {isa = PBXFileReference; fileEncoding = 4; lastKnownFileType = sourcecode.c.h; path = JCObserver.h; sourceTree = "<group>"; };
		252C11221D9B59EF00D2E8F0 /* JCObserver.m */ = {isa = PBXFileReference; fileEncoding = 4; lastKnownFileType = sourcecode.c.objc; path = JCObserver.m; sourceTree = "<group>"; };
		252C11231D9B59EF00D2E8F0 /* NSObject+JCBind.h */ = {isa = PBXFileReference; fileEncoding = 4; lastKnownFileType = sourcecode.c.h; path = "NSObject+JCBind.h"; sourceTree = "<group>"; };
		252C11241D9B59EF00D2E8F0 /* NSObject+JCBind.m */ = {isa = PBXFileReference; fileEncoding = 4; lastKnownFileType = sourcecode.c.objc; path = "NSObject+JCBind.m"; sourceTree = "<group>"; };
		252C11251D9B59EF00D2E8F0 /* NSObject+JCObserverKVO.h */ = {isa = PBXFileReference; fileEncoding = 4; lastKnownFileType = sourcecode.c.h; path = "NSObject+JCObserverKVO.h"; sourceTree = "<group>"; };
		252C11261D9B59EF00D2E8F0 /* NSObject+JCObserverKVO.m */ = {isa = PBXFileReference; fileEncoding = 4; lastKnownFileType = sourcecode.c.objc; path = "NSObject+JCObserverKVO.m"; sourceTree = "<group>"; };
		252C112B1D9B5EBC00D2E8F0 /* NSObject+JCJSON.h */ = {isa = PBXFileReference; fileEncoding = 4; lastKnownFileType = sourcecode.c.h; path = "NSObject+JCJSON.h"; sourceTree = "<group>"; };
		252C112C1D9B5EBC00D2E8F0 /* NSObject+JCJSON.m */ = {isa = PBXFileReference; fileEncoding = 4; lastKnownFileType = sourcecode.c.objc; path = "NSObject+JCJSON.m"; sourceTree = "<group>"; };
		252C11341D9B620000D2E8F0 /* NSData+JCData.h */ = {isa = PBXFileReference; fileEncoding = 4; lastKnownFileType = sourcecode.c.h; path = "NSData+JCData.h"; sourceTree = "<group>"; };
		252C11351D9B620000D2E8F0 /* NSData+JCData.m */ = {isa = PBXFileReference; fileEncoding = 4; lastKnownFileType = sourcecode.c.objc; path = "NSData+JCData.m"; sourceTree = "<group>"; };
		252C11371D9B620000D2E8F0 /* NSDate+JCDate.h */ = {isa = PBXFileReference; fileEncoding = 4; lastKnownFileType = sourcecode.c.h; path = "NSDate+JCDate.h"; sourceTree = "<group>"; };
		252C11381D9B620000D2E8F0 /* NSDate+JCDate.m */ = {isa = PBXFileReference; fileEncoding = 4; lastKnownFileType = sourcecode.c.objc; path = "NSDate+JCDate.m"; sourceTree = "<group>"; };
		252C113A1D9B620000D2E8F0 /* NSTimer+JCBlock.h */ = {isa = PBXFileReference; fileEncoding = 4; lastKnownFileType = sourcecode.c.h; path = "NSTimer+JCBlock.h"; sourceTree = "<group>"; };
		252C113B1D9B620000D2E8F0 /* NSTimer+JCBlock.m */ = {isa = PBXFileReference; fileEncoding = 4; lastKnownFileType = sourcecode.c.objc; path = "NSTimer+JCBlock.m"; sourceTree = "<group>"; };
		252C11401D9B629D00D2E8F0 /* JCSQLite3.h */ = {isa = PBXFileReference; fileEncoding = 4; lastKnownFileType = sourcecode.c.h; path = JCSQLite3.h; sourceTree = "<group>"; };
		252C11411D9B629D00D2E8F0 /* JCSQLite3.m */ = {isa = PBXFileReference; fileEncoding = 4; lastKnownFileType = sourcecode.c.objc; path = JCSQLite3.m; sourceTree = "<group>"; };
		252C11441D9B62E200D2E8F0 /* libsqlite3.tbd */ = {isa = PBXFileReference; lastKnownFileType = "sourcecode.text-based-dylib-definition"; name = libsqlite3.tbd; path = usr/lib/libsqlite3.tbd; sourceTree = SDKROOT; };
		252C11471D9B641A00D2E8F0 /* NSString+JCString.h */ = {isa = PBXFileReference; fileEncoding = 4; lastKnownFileType = sourcecode.c.h; path = "NSString+JCString.h"; sourceTree = "<group>"; };
		252C11481D9B641A00D2E8F0 /* NSString+JCString.m */ = {isa = PBXFileReference; fileEncoding = 4; lastKnownFileType = sourcecode.c.objc; path = "NSString+JCString.m"; sourceTree = "<group>"; };
		252C11521D9BBF8200D2E8F0 /* UIColor+JCColor.h */ = {isa = PBXFileReference; fileEncoding = 4; lastKnownFileType = sourcecode.c.h; path = "UIColor+JCColor.h"; sourceTree = "<group>"; };
		252C11531D9BBF8200D2E8F0 /* UIColor+JCColor.m */ = {isa = PBXFileReference; fileEncoding = 4; lastKnownFileType = sourcecode.c.objc; path = "UIColor+JCColor.m"; sourceTree = "<group>"; };
		252C11551D9BC87B00D2E8F0 /* UIColor+JCSeries.h */ = {isa = PBXFileReference; fileEncoding = 4; lastKnownFileType = sourcecode.c.h; path = "UIColor+JCSeries.h"; sourceTree = "<group>"; };
		252C11561D9BC87B00D2E8F0 /* UIColor+JCSeries.m */ = {isa = PBXFileReference; fileEncoding = 4; lastKnownFileType = sourcecode.c.objc; path = "UIColor+JCSeries.m"; sourceTree = "<group>"; };
		252C11591D9BD20200D2E8F0 /* UIButton+JCButtonSimplify.h */ = {isa = PBXFileReference; fileEncoding = 4; lastKnownFileType = sourcecode.c.h; path = "UIButton+JCButtonSimplify.h"; sourceTree = "<group>"; };
		252C115A1D9BD20200D2E8F0 /* UIButton+JCButtonSimplify.m */ = {isa = PBXFileReference; fileEncoding = 4; lastKnownFileType = sourcecode.c.objc; path = "UIButton+JCButtonSimplify.m"; sourceTree = "<group>"; };
		252C115D1D9BD24700D2E8F0 /* UIScreen+JCScale.h */ = {isa = PBXFileReference; fileEncoding = 4; lastKnownFileType = sourcecode.c.h; path = "UIScreen+JCScale.h"; sourceTree = "<group>"; };
		252C115E1D9BD24700D2E8F0 /* UIScreen+JCScale.m */ = {isa = PBXFileReference; fileEncoding = 4; lastKnownFileType = sourcecode.c.objc; path = "UIScreen+JCScale.m"; sourceTree = "<group>"; };
		252C11611D9BD52100D2E8F0 /* UIDevice+JCDevice.h */ = {isa = PBXFileReference; fileEncoding = 4; lastKnownFileType = sourcecode.c.h; path = "UIDevice+JCDevice.h"; sourceTree = "<group>"; };
		252C11621D9BD52100D2E8F0 /* UIDevice+JCDevice.m */ = {isa = PBXFileReference; fileEncoding = 4; lastKnownFileType = sourcecode.c.objc; path = "UIDevice+JCDevice.m"; sourceTree = "<group>"; };
		252C116A1D9CBD4C00D2E8F0 /* JCFoundationExampleViewController.h */ = {isa = PBXFileReference; fileEncoding = 4; lastKnownFileType = sourcecode.c.h; path = JCFoundationExampleViewController.h; sourceTree = "<group>"; };
		252C116B1D9CBD4C00D2E8F0 /* JCFoundationExampleViewController.m */ = {isa = PBXFileReference; fileEncoding = 4; lastKnownFileType = sourcecode.c.objc; path = JCFoundationExampleViewController.m; sourceTree = "<group>"; };
		252C116D1D9CBD7000D2E8F0 /* JCUIKitExampleViewController.h */ = {isa = PBXFileReference; fileEncoding = 4; lastKnownFileType = sourcecode.c.h; path = JCUIKitExampleViewController.h; sourceTree = "<group>"; };
		252C116E1D9CBD7000D2E8F0 /* JCUIKitExampleViewController.m */ = {isa = PBXFileReference; fileEncoding = 4; lastKnownFileType = sourcecode.c.objc; path = JCUIKitExampleViewController.m; sourceTree = "<group>"; };
		252C11711D9CC1AA00D2E8F0 /* JCUIDeviceExampleViewController.h */ = {isa = PBXFileReference; fileEncoding = 4; lastKnownFileType = sourcecode.c.h; path = JCUIDeviceExampleViewController.h; sourceTree = "<group>"; };
		252C11721D9CC1AA00D2E8F0 /* JCUIDeviceExampleViewController.m */ = {isa = PBXFileReference; fileEncoding = 4; lastKnownFileType = sourcecode.c.objc; path = JCUIDeviceExampleViewController.m; sourceTree = "<group>"; };
		252C11751D9CEB5C00D2E8F0 /* UIApplication+JCApplication.h */ = {isa = PBXFileReference; fileEncoding = 4; lastKnownFileType = sourcecode.c.h; path = "UIApplication+JCApplication.h"; sourceTree = "<group>"; };
		252C11761D9CEB5C00D2E8F0 /* UIApplication+JCApplication.m */ = {isa = PBXFileReference; fileEncoding = 4; lastKnownFileType = sourcecode.c.objc; path = "UIApplication+JCApplication.m"; sourceTree = "<group>"; };
		252C11791D9CEDB400D2E8F0 /* UIFont+JCScale.h */ = {isa = PBXFileReference; fileEncoding = 4; lastKnownFileType = sourcecode.c.h; path = "UIFont+JCScale.h"; sourceTree = "<group>"; };
		252C117A1D9CEDB400D2E8F0 /* UIFont+JCScale.m */ = {isa = PBXFileReference; fileEncoding = 4; lastKnownFileType = sourcecode.c.objc; path = "UIFont+JCScale.m"; sourceTree = "<group>"; };
		252C117D1D9CF86E00D2E8F0 /* UIImage+JCImage.h */ = {isa = PBXFileReference; fileEncoding = 4; lastKnownFileType = sourcecode.c.h; path = "UIImage+JCImage.h"; sourceTree = "<group>"; };
		252C117E1D9CF86E00D2E8F0 /* UIImage+JCImage.m */ = {isa = PBXFileReference; fileEncoding = 4; lastKnownFileType = sourcecode.c.objc; path = "UIImage+JCImage.m"; sourceTree = "<group>"; };
		252C11811D9D167E00D2E8F0 /* NSNumber+JCNumber.h */ = {isa = PBXFileReference; fileEncoding = 4; lastKnownFileType = sourcecode.c.h; path = "NSNumber+JCNumber.h"; sourceTree = "<group>"; };
		252C11821D9D167E00D2E8F0 /* NSNumber+JCNumber.m */ = {isa = PBXFileReference; fileEncoding = 4; lastKnownFileType = sourcecode.c.objc; path = "NSNumber+JCNumber.m"; sourceTree = "<group>"; };
		252C11841D9D61C000D2E8F0 /* JCClassInfo.h */ = {isa = PBXFileReference; fileEncoding = 4; lastKnownFileType = sourcecode.c.h; path = JCClassInfo.h; sourceTree = "<group>"; };
		252C11851D9D61C000D2E8F0 /* JCClassInfo.m */ = {isa = PBXFileReference; fileEncoding = 4; lastKnownFileType = sourcecode.c.objc; path = JCClassInfo.m; sourceTree = "<group>"; };
		252C118B1D9DF47C00D2E8F0 /* JCKitDemoTests.xctest */ = {isa = PBXFileReference; explicitFileType = wrapper.cfbundle; includeInIndex = 0; path = JCKitDemoTests.xctest; sourceTree = BUILT_PRODUCTS_DIR; };
		252C118D1D9DF47C00D2E8F0 /* JCKitDemoTests.m */ = {isa = PBXFileReference; lastKnownFileType = sourcecode.c.objc; path = JCKitDemoTests.m; sourceTree = "<group>"; };
		252C118F1D9DF47C00D2E8F0 /* Info.plist */ = {isa = PBXFileReference; lastKnownFileType = text.plist.xml; path = Info.plist; sourceTree = "<group>"; };
		252C11951D9DF58100D2E8F0 /* JCPerson.h */ = {isa = PBXFileReference; fileEncoding = 4; lastKnownFileType = sourcecode.c.h; path = JCPerson.h; sourceTree = "<group>"; };
		252C11961D9DF58100D2E8F0 /* JCPerson.m */ = {isa = PBXFileReference; fileEncoding = 4; lastKnownFileType = sourcecode.c.objc; path = JCPerson.m; sourceTree = "<group>"; };
		259313E91DA550FB006A4897 /* JCStream.h */ = {isa = PBXFileReference; fileEncoding = 4; lastKnownFileType = sourcecode.c.h; path = JCStream.h; sourceTree = "<group>"; };
		259313EA1DA550FB006A4897 /* JCStream.m */ = {isa = PBXFileReference; fileEncoding = 4; lastKnownFileType = sourcecode.c.objc; path = JCStream.m; sourceTree = "<group>"; };
		259414BA1DA79BF9004FE594 /* NSObject+JCStram.h */ = {isa = PBXFileReference; fileEncoding = 4; lastKnownFileType = sourcecode.c.h; path = "NSObject+JCStram.h"; sourceTree = "<group>"; };
		259414BB1DA79BF9004FE594 /* NSObject+JCStram.m */ = {isa = PBXFileReference; fileEncoding = 4; lastKnownFileType = sourcecode.c.objc; path = "NSObject+JCStram.m"; sourceTree = "<group>"; };
		25AD33BD1DAA387B0027667D /* JCCustomerDemoViewController.h */ = {isa = PBXFileReference; fileEncoding = 4; lastKnownFileType = sourcecode.c.h; path = JCCustomerDemoViewController.h; sourceTree = "<group>"; };
		25AD33BE1DAA387B0027667D /* JCCustomerDemoViewController.m */ = {isa = PBXFileReference; fileEncoding = 4; lastKnownFileType = sourcecode.c.objc; path = JCCustomerDemoViewController.m; sourceTree = "<group>"; };
		25AD33C11DAA38FF0027667D /* JCPopupViewController.h */ = {isa = PBXFileReference; fileEncoding = 4; lastKnownFileType = sourcecode.c.h; path = JCPopupViewController.h; sourceTree = "<group>"; };
		25AD33C21DAA38FF0027667D /* JCPopupViewController.m */ = {isa = PBXFileReference; fileEncoding = 4; lastKnownFileType = sourcecode.c.objc; path = JCPopupViewController.m; sourceTree = "<group>"; };
		25AD33C51DAB27630027667D /* UIControl+JCControl.h */ = {isa = PBXFileReference; fileEncoding = 4; lastKnownFileType = sourcecode.c.h; path = "UIControl+JCControl.h"; sourceTree = "<group>"; };
		25AD33C61DAB27630027667D /* UIControl+JCControl.m */ = {isa = PBXFileReference; fileEncoding = 4; lastKnownFileType = sourcecode.c.objc; path = "UIControl+JCControl.m"; sourceTree = "<group>"; };
		25AD33F41DAB39630027667D /* UIAlertView+JCStream.h */ = {isa = PBXFileReference; fileEncoding = 4; lastKnownFileType = sourcecode.c.h; path = "UIAlertView+JCStream.h"; sourceTree = "<group>"; };
		25AD33F51DAB39630027667D /* UIAlertView+JCStream.m */ = {isa = PBXFileReference; fileEncoding = 4; lastKnownFileType = sourcecode.c.objc; path = "UIAlertView+JCStream.m"; sourceTree = "<group>"; };
		25AD33F81DAB5EF60027667D /* NSException+JCException.h */ = {isa = PBXFileReference; fileEncoding = 4; lastKnownFileType = sourcecode.c.h; path = "NSException+JCException.h"; sourceTree = "<group>"; };
		25AD33F91DAB5EF60027667D /* NSException+JCException.m */ = {isa = PBXFileReference; fileEncoding = 4; lastKnownFileType = sourcecode.c.objc; path = "NSException+JCException.m"; sourceTree = "<group>"; };
		25AD33FC1DAB86600027667D /* UIImagePickerController+JCStream.h */ = {isa = PBXFileReference; fileEncoding = 4; lastKnownFileType = sourcecode.c.h; path = "UIImagePickerController+JCStream.h"; sourceTree = "<group>"; };
		25AD33FD1DAB86600027667D /* UIImagePickerController+JCStream.m */ = {isa = PBXFileReference; fileEncoding = 4; lastKnownFileType = sourcecode.c.objc; path = "UIImagePickerController+JCStream.m"; sourceTree = "<group>"; };
		25C5058E1D9E6D3D00F3063D /* JCFontViewController.h */ = {isa = PBXFileReference; fileEncoding = 4; lastKnownFileType = sourcecode.c.h; path = JCFontViewController.h; sourceTree = "<group>"; };
		25C5058F1D9E6D3D00F3063D /* JCFontViewController.m */ = {isa = PBXFileReference; fileEncoding = 4; lastKnownFileType = sourcecode.c.objc; path = JCFontViewController.m; sourceTree = "<group>"; };
		25C505941DA0C70A00F3063D /* NSObject+JCObject.h */ = {isa = PBXFileReference; fileEncoding = 4; lastKnownFileType = sourcecode.c.h; path = "NSObject+JCObject.h"; sourceTree = "<group>"; };
		25C505951DA0C70A00F3063D /* NSObject+JCObject.m */ = {isa = PBXFileReference; fileEncoding = 4; lastKnownFileType = sourcecode.c.objc; path = "NSObject+JCObject.m"; sourceTree = "<group>"; };
		25C505971DA0CB0F00F3063D /* JCFontName.h */ = {isa = PBXFileReference; fileEncoding = 4; lastKnownFileType = sourcecode.c.h; path = JCFontName.h; sourceTree = "<group>"; };
		25C505991DA0CBBA00F3063D /* UITextField+JCTextField.h */ = {isa = PBXFileReference; fileEncoding = 4; lastKnownFileType = sourcecode.c.h; path = "UITextField+JCTextField.h"; sourceTree = "<group>"; };
		25C5059A1DA0CBBA00F3063D /* UITextField+JCTextField.m */ = {isa = PBXFileReference; fileEncoding = 4; lastKnownFileType = sourcecode.c.objc; path = "UITextField+JCTextField.m"; sourceTree = "<group>"; };
		25C5059F1DA0E67F00F3063D /* JCArchiveTool.h */ = {isa = PBXFileReference; fileEncoding = 4; lastKnownFileType = sourcecode.c.h; path = JCArchiveTool.h; sourceTree = "<group>"; };
		25C505A01DA0E67F00F3063D /* JCArchiveTool.m */ = {isa = PBXFileReference; fileEncoding = 4; lastKnownFileType = sourcecode.c.objc; path = JCArchiveTool.m; sourceTree = "<group>"; };
		25C505A11DA0E67F00F3063D /* JCEncodeModel.h */ = {isa = PBXFileReference; fileEncoding = 4; lastKnownFileType = sourcecode.c.h; path = JCEncodeModel.h; sourceTree = "<group>"; };
		25C505A21DA0E67F00F3063D /* JCEncodeModel.m */ = {isa = PBXFileReference; fileEncoding = 4; lastKnownFileType = sourcecode.c.objc; path = JCEncodeModel.m; sourceTree = "<group>"; };
		25C505A91DA1371C00F3063D /* UIView+JCView.h */ = {isa = PBXFileReference; fileEncoding = 4; lastKnownFileType = sourcecode.c.h; path = "UIView+JCView.h"; sourceTree = "<group>"; };
		25C505AA1DA1371C00F3063D /* UIView+JCView.m */ = {isa = PBXFileReference; fileEncoding = 4; lastKnownFileType = sourcecode.c.objc; path = "UIView+JCView.m"; sourceTree = "<group>"; };
		25C505AD1DA1500100F3063D /* UIWebView+JCJavaScript.h */ = {isa = PBXFileReference; fileEncoding = 4; lastKnownFileType = sourcecode.c.h; path = "UIWebView+JCJavaScript.h"; sourceTree = "<group>"; };
		25C505AE1DA1500100F3063D /* UIWebView+JCJavaScript.m */ = {isa = PBXFileReference; fileEncoding = 4; lastKnownFileType = sourcecode.c.objc; path = "UIWebView+JCJavaScript.m"; sourceTree = "<group>"; };
		25F840271DA8D09B006DF28B /* JCBaseViewController.h */ = {isa = PBXFileReference; fileEncoding = 4; lastKnownFileType = sourcecode.c.h; path = JCBaseViewController.h; sourceTree = "<group>"; };
		25F840281DA8D09B006DF28B /* JCBaseViewController.m */ = {isa = PBXFileReference; fileEncoding = 4; lastKnownFileType = sourcecode.c.objc; path = JCBaseViewController.m; sourceTree = "<group>"; };
		25F840541DA9E12C006DF28B /* JCWeakProxy.h */ = {isa = PBXFileReference; fileEncoding = 4; lastKnownFileType = sourcecode.c.h; path = JCWeakProxy.h; sourceTree = "<group>"; };
		25F840551DA9E12C006DF28B /* JCWeakProxy.m */ = {isa = PBXFileReference; fileEncoding = 4; lastKnownFileType = sourcecode.c.objc; path = JCWeakProxy.m; sourceTree = "<group>"; };
		25F840611DAA149B006DF28B /* UIView+JCLayout.h */ = {isa = PBXFileReference; fileEncoding = 4; lastKnownFileType = sourcecode.c.h; path = "UIView+JCLayout.h"; sourceTree = "<group>"; };
		25F840621DAA149B006DF28B /* UIView+JCLayout.m */ = {isa = PBXFileReference; fileEncoding = 4; lastKnownFileType = sourcecode.c.objc; path = "UIView+JCLayout.m"; sourceTree = "<group>"; };
		25F840631DAA149B006DF28B /* UIView+JCRect.h */ = {isa = PBXFileReference; fileEncoding = 4; lastKnownFileType = sourcecode.c.h; path = "UIView+JCRect.h"; sourceTree = "<group>"; };
		25F840641DAA149B006DF28B /* UIView+JCRect.m */ = {isa = PBXFileReference; fileEncoding = 4; lastKnownFileType = sourcecode.c.objc; path = "UIView+JCRect.m"; sourceTree = "<group>"; };
		25F840681DAA1B3B006DF28B /* NSArray+JCBlock.h */ = {isa = PBXFileReference; fileEncoding = 4; lastKnownFileType = sourcecode.c.h; path = "NSArray+JCBlock.h"; sourceTree = "<group>"; };
		25F840691DAA1B3B006DF28B /* NSArray+JCBlock.m */ = {isa = PBXFileReference; fileEncoding = 4; lastKnownFileType = sourcecode.c.objc; path = "NSArray+JCBlock.m"; sourceTree = "<group>"; };
		25F8406C1DAA219D006DF28B /* NSDictionary+JCBlock.h */ = {isa = PBXFileReference; fileEncoding = 4; lastKnownFileType = sourcecode.c.h; path = "NSDictionary+JCBlock.h"; sourceTree = "<group>"; };
		25F8406D1DAA219D006DF28B /* NSDictionary+JCBlock.m */ = {isa = PBXFileReference; fileEncoding = 4; lastKnownFileType = sourcecode.c.objc; path = "NSDictionary+JCBlock.m"; sourceTree = "<group>"; };
		25F840711DAA2B77006DF28B /* JCPopupBaseView.h */ = {isa = PBXFileReference; fileEncoding = 4; lastKnownFileType = sourcecode.c.h; path = JCPopupBaseView.h; sourceTree = "<group>"; };
		25F840721DAA2B77006DF28B /* JCPopupBaseView.m */ = {isa = PBXFileReference; fileEncoding = 4; lastKnownFileType = sourcecode.c.objc; path = JCPopupBaseView.m; sourceTree = "<group>"; };
/* End PBXFileReference section */

/* Begin PBXFrameworksBuildPhase section */
		252C10F81D9AA5EC00D2E8F0 /* Frameworks */ = {
			isa = PBXFrameworksBuildPhase;
			buildActionMask = 2147483647;
			files = (
				252C11451D9B62E200D2E8F0 /* libsqlite3.tbd in Frameworks */,
			);
			runOnlyForDeploymentPostprocessing = 0;
		};
		252C11881D9DF47C00D2E8F0 /* Frameworks */ = {
			isa = PBXFrameworksBuildPhase;
			buildActionMask = 2147483647;
			files = (
			);
			runOnlyForDeploymentPostprocessing = 0;
		};
/* End PBXFrameworksBuildPhase section */

/* Begin PBXGroup section */
		252C10F21D9AA5EC00D2E8F0 = {
			isa = PBXGroup;
			children = (
				252C118C1D9DF47C00D2E8F0 /* JCKitDemoTests */,
				252C11431D9B62C800D2E8F0 /* Frameworks */,
				252C11151D9AA60A00D2E8F0 /* JCKit */,
				252C10FD1D9AA5EC00D2E8F0 /* JCKitDemo */,
				252C10FC1D9AA5EC00D2E8F0 /* Products */,
			);
			sourceTree = "<group>";
		};
		252C10FC1D9AA5EC00D2E8F0 /* Products */ = {
			isa = PBXGroup;
			children = (
				252C10FB1D9AA5EC00D2E8F0 /* JCKitDemo.app */,
				252C118B1D9DF47C00D2E8F0 /* JCKitDemoTests.xctest */,
			);
			name = Products;
			sourceTree = "<group>";
		};
		252C10FD1D9AA5EC00D2E8F0 /* JCKitDemo */ = {
			isa = PBXGroup;
			children = (
				25AD33BC1DAA38600027667D /* CustomerDemo */,
				252C11661D9CBCCC00D2E8F0 /* UIKitDemo */,
				252C11651D9CBCB600D2E8F0 /* FoundationDemo */,
				252C11011D9AA5EC00D2E8F0 /* AppDelegate.h */,
				252C11021D9AA5EC00D2E8F0 /* AppDelegate.m */,
				252C11041D9AA5EC00D2E8F0 /* ViewController.h */,
				252C11051D9AA5EC00D2E8F0 /* ViewController.m */,
				252C10FE1D9AA5EC00D2E8F0 /* Supporting Files */,
				25F840271DA8D09B006DF28B /* JCBaseViewController.h */,
				25F840281DA8D09B006DF28B /* JCBaseViewController.m */,
			);
			path = JCKitDemo;
			sourceTree = "<group>";
		};
		252C10FE1D9AA5EC00D2E8F0 /* Supporting Files */ = {
			isa = PBXGroup;
			children = (
				252C11071D9AA5EC00D2E8F0 /* Main.storyboard */,
				252C110A1D9AA5EC00D2E8F0 /* Assets.xcassets */,
				252C110C1D9AA5EC00D2E8F0 /* LaunchScreen.storyboard */,
				252C110F1D9AA5EC00D2E8F0 /* Info.plist */,
				252C10FF1D9AA5EC00D2E8F0 /* main.m */,
			);
			name = "Supporting Files";
			sourceTree = "<group>";
		};
		252C11151D9AA60A00D2E8F0 /* JCKit */ = {
			isa = PBXGroup;
			children = (
				252C11501D9BBEF100D2E8F0 /* UIKit */,
				252C11161D9AA66500D2E8F0 /* Foundation */,
				252C11171D9AA67F00D2E8F0 /* JCKitMacro.h */,
			);
			path = JCKit;
			sourceTree = "<group>";
		};
		252C11161D9AA66500D2E8F0 /* Foundation */ = {
			isa = PBXGroup;
			children = (
				25F840531DA9E124006DF28B /* Utility */,
				259313E81DA550E1006A4897 /* Stream */,
				25C5059E1DA0E67400F3063D /* Archive */,
				252C113F1D9B628F00D2E8F0 /* SQL */,
				252C11321D9B61DB00D2E8F0 /* Core */,
				252C112A1D9B5E6F00D2E8F0 /* Model */,
				252C11201D9B59B600D2E8F0 /* KVO */,
			);
			path = Foundation;
			sourceTree = "<group>";
		};
		252C11201D9B59B600D2E8F0 /* KVO */ = {
			isa = PBXGroup;
			children = (
				252C11211D9B59EF00D2E8F0 /* JCObserver.h */,
				252C11221D9B59EF00D2E8F0 /* JCObserver.m */,
				252C11231D9B59EF00D2E8F0 /* NSObject+JCBind.h */,
				252C11241D9B59EF00D2E8F0 /* NSObject+JCBind.m */,
				252C11251D9B59EF00D2E8F0 /* NSObject+JCObserverKVO.h */,
				252C11261D9B59EF00D2E8F0 /* NSObject+JCObserverKVO.m */,
			);
			path = KVO;
			sourceTree = "<group>";
		};
		252C112A1D9B5E6F00D2E8F0 /* Model */ = {
			isa = PBXGroup;
			children = (
				252C112B1D9B5EBC00D2E8F0 /* NSObject+JCJSON.h */,
				252C112C1D9B5EBC00D2E8F0 /* NSObject+JCJSON.m */,
				252C11841D9D61C000D2E8F0 /* JCClassInfo.h */,
				252C11851D9D61C000D2E8F0 /* JCClassInfo.m */,
			);
			path = Model;
			sourceTree = "<group>";
		};
		252C11321D9B61DB00D2E8F0 /* Core */ = {
			isa = PBXGroup;
			children = (
				25AD33F71DAB5ED60027667D /* NSException */,
				25F8406B1DAA218D006DF28B /* NSDictionary */,
				25F840671DAA1B2D006DF28B /* NSArray */,
				25C505931DA0C6F400F3063D /* NSObject */,
				252C11801D9D165100D2E8F0 /* NSNumber */,
				252C11461D9B640A00D2E8F0 /* NSString */,
				252C11331D9B620000D2E8F0 /* NSData */,
				252C11361D9B620000D2E8F0 /* NSDate */,
				252C11391D9B620000D2E8F0 /* NSTimer */,
			);
			path = Core;
			sourceTree = "<group>";
		};
		252C11331D9B620000D2E8F0 /* NSData */ = {
			isa = PBXGroup;
			children = (
				252C11341D9B620000D2E8F0 /* NSData+JCData.h */,
				252C11351D9B620000D2E8F0 /* NSData+JCData.m */,
			);
			path = NSData;
			sourceTree = "<group>";
		};
		252C11361D9B620000D2E8F0 /* NSDate */ = {
			isa = PBXGroup;
			children = (
				252C11371D9B620000D2E8F0 /* NSDate+JCDate.h */,
				252C11381D9B620000D2E8F0 /* NSDate+JCDate.m */,
			);
			path = NSDate;
			sourceTree = "<group>";
		};
		252C11391D9B620000D2E8F0 /* NSTimer */ = {
			isa = PBXGroup;
			children = (
				252C113A1D9B620000D2E8F0 /* NSTimer+JCBlock.h */,
				252C113B1D9B620000D2E8F0 /* NSTimer+JCBlock.m */,
			);
			path = NSTimer;
			sourceTree = "<group>";
		};
		252C113F1D9B628F00D2E8F0 /* SQL */ = {
			isa = PBXGroup;
			children = (
				252C11401D9B629D00D2E8F0 /* JCSQLite3.h */,
				252C11411D9B629D00D2E8F0 /* JCSQLite3.m */,
			);
			path = SQL;
			sourceTree = "<group>";
		};
		252C11431D9B62C800D2E8F0 /* Frameworks */ = {
			isa = PBXGroup;
			children = (
				252C11441D9B62E200D2E8F0 /* libsqlite3.tbd */,
			);
			name = Frameworks;
			path = JCKitDemo/Frameworks;
			sourceTree = "<group>";
		};
		252C11461D9B640A00D2E8F0 /* NSString */ = {
			isa = PBXGroup;
			children = (
				252C11471D9B641A00D2E8F0 /* NSString+JCString.h */,
				252C11481D9B641A00D2E8F0 /* NSString+JCString.m */,
			);
			path = NSString;
			sourceTree = "<group>";
		};
		252C11501D9BBEF100D2E8F0 /* UIKit */ = {
			isa = PBXGroup;
			children = (
				25AD33FB1DAB864F0027667D /* UIImagePickerController */,
				25AD33F31DAB394C0027667D /* UIAlertView */,
				25AD33C41DAB274C0027667D /* UIControl */,
				25F8406F1DAA2B1D006DF28B /* Customer */,
				25F840601DAA147E006DF28B /* Layout */,
				25C505AC1DA14FF600F3063D /* UIWebView */,
				25C505A81DA1370A00F3063D /* UIView */,
				25C505981DA0CBA700F3063D /* UITextField */,
				252C117C1D9CF01F00D2E8F0 /* UIImage */,
				252C11781D9CED8C00D2E8F0 /* UIFont */,
				252C11741D9CEB3C00D2E8F0 /* UIApplication */,
				252C11601D9BD51300D2E8F0 /* UIDevice */,
				252C115C1D9BD23C00D2E8F0 /* UIScreen */,
				252C11581D9BD1E800D2E8F0 /* UIButton */,
				252C11511D9BBF6D00D2E8F0 /* UIColor */,
			);
			path = UIKit;
			sourceTree = "<group>";
		};
		252C11511D9BBF6D00D2E8F0 /* UIColor */ = {
			isa = PBXGroup;
			children = (
				252C11521D9BBF8200D2E8F0 /* UIColor+JCColor.h */,
				252C11531D9BBF8200D2E8F0 /* UIColor+JCColor.m */,
				252C11551D9BC87B00D2E8F0 /* UIColor+JCSeries.h */,
				252C11561D9BC87B00D2E8F0 /* UIColor+JCSeries.m */,
			);
			path = UIColor;
			sourceTree = "<group>";
		};
		252C11581D9BD1E800D2E8F0 /* UIButton */ = {
			isa = PBXGroup;
			children = (
				252C11591D9BD20200D2E8F0 /* UIButton+JCButtonSimplify.h */,
				252C115A1D9BD20200D2E8F0 /* UIButton+JCButtonSimplify.m */,
			);
			path = UIButton;
			sourceTree = "<group>";
		};
		252C115C1D9BD23C00D2E8F0 /* UIScreen */ = {
			isa = PBXGroup;
			children = (
				252C115D1D9BD24700D2E8F0 /* UIScreen+JCScale.h */,
				252C115E1D9BD24700D2E8F0 /* UIScreen+JCScale.m */,
			);
			path = UIScreen;
			sourceTree = "<group>";
		};
		252C11601D9BD51300D2E8F0 /* UIDevice */ = {
			isa = PBXGroup;
			children = (
				252C11611D9BD52100D2E8F0 /* UIDevice+JCDevice.h */,
				252C11621D9BD52100D2E8F0 /* UIDevice+JCDevice.m */,
			);
			path = UIDevice;
			sourceTree = "<group>";
		};
		252C11651D9CBCB600D2E8F0 /* FoundationDemo */ = {
			isa = PBXGroup;
			children = (
				252C116A1D9CBD4C00D2E8F0 /* JCFoundationExampleViewController.h */,
				252C116B1D9CBD4C00D2E8F0 /* JCFoundationExampleViewController.m */,
			);
			path = FoundationDemo;
			sourceTree = "<group>";
		};
		252C11661D9CBCCC00D2E8F0 /* UIKitDemo */ = {
			isa = PBXGroup;
			children = (
				25C5058D1D9E6D1A00F3063D /* UIFont */,
				252C11701D9CC19B00D2E8F0 /* UIDeviceExample */,
				252C116D1D9CBD7000D2E8F0 /* JCUIKitExampleViewController.h */,
				252C116E1D9CBD7000D2E8F0 /* JCUIKitExampleViewController.m */,
			);
			path = UIKitDemo;
			sourceTree = "<group>";
		};
		252C11701D9CC19B00D2E8F0 /* UIDeviceExample */ = {
			isa = PBXGroup;
			children = (
				252C11711D9CC1AA00D2E8F0 /* JCUIDeviceExampleViewController.h */,
				252C11721D9CC1AA00D2E8F0 /* JCUIDeviceExampleViewController.m */,
			);
			path = UIDeviceExample;
			sourceTree = "<group>";
		};
		252C11741D9CEB3C00D2E8F0 /* UIApplication */ = {
			isa = PBXGroup;
			children = (
				252C11751D9CEB5C00D2E8F0 /* UIApplication+JCApplication.h */,
				252C11761D9CEB5C00D2E8F0 /* UIApplication+JCApplication.m */,
			);
			path = UIApplication;
			sourceTree = "<group>";
		};
		252C11781D9CED8C00D2E8F0 /* UIFont */ = {
			isa = PBXGroup;
			children = (
				25C505971DA0CB0F00F3063D /* JCFontName.h */,
				252C11791D9CEDB400D2E8F0 /* UIFont+JCScale.h */,
				252C117A1D9CEDB400D2E8F0 /* UIFont+JCScale.m */,
			);
			path = UIFont;
			sourceTree = "<group>";
		};
		252C117C1D9CF01F00D2E8F0 /* UIImage */ = {
			isa = PBXGroup;
			children = (
				252C117D1D9CF86E00D2E8F0 /* UIImage+JCImage.h */,
				252C117E1D9CF86E00D2E8F0 /* UIImage+JCImage.m */,
			);
			path = UIImage;
			sourceTree = "<group>";
		};
		252C11801D9D165100D2E8F0 /* NSNumber */ = {
			isa = PBXGroup;
			children = (
				252C11811D9D167E00D2E8F0 /* NSNumber+JCNumber.h */,
				252C11821D9D167E00D2E8F0 /* NSNumber+JCNumber.m */,
			);
			path = NSNumber;
			sourceTree = "<group>";
		};
		252C118C1D9DF47C00D2E8F0 /* JCKitDemoTests */ = {
			isa = PBXGroup;
			children = (
				252C11951D9DF58100D2E8F0 /* JCPerson.h */,
				252C11961D9DF58100D2E8F0 /* JCPerson.m */,
				252C118D1D9DF47C00D2E8F0 /* JCKitDemoTests.m */,
				252C118F1D9DF47C00D2E8F0 /* Info.plist */,
			);
			path = JCKitDemoTests;
			sourceTree = "<group>";
		};
		259313E81DA550E1006A4897 /* Stream */ = {
			isa = PBXGroup;
			children = (
				259313E91DA550FB006A4897 /* JCStream.h */,
				259313EA1DA550FB006A4897 /* JCStream.m */,
				259414BA1DA79BF9004FE594 /* NSObject+JCStram.h */,
				259414BB1DA79BF9004FE594 /* NSObject+JCStram.m */,
			);
			path = Stream;
			sourceTree = "<group>";
		};
		25AD33BC1DAA38600027667D /* CustomerDemo */ = {
			isa = PBXGroup;
			children = (
				25AD33C01DAA38ED0027667D /* JCPopupBaseView */,
				25AD33BD1DAA387B0027667D /* JCCustomerDemoViewController.h */,
				25AD33BE1DAA387B0027667D /* JCCustomerDemoViewController.m */,
			);
			path = CustomerDemo;
			sourceTree = "<group>";
		};
		25AD33C01DAA38ED0027667D /* JCPopupBaseView */ = {
			isa = PBXGroup;
			children = (
				25AD33C11DAA38FF0027667D /* JCPopupViewController.h */,
				25AD33C21DAA38FF0027667D /* JCPopupViewController.m */,
			);
			path = JCPopupBaseView;
			sourceTree = "<group>";
		};
		25AD33C41DAB274C0027667D /* UIControl */ = {
			isa = PBXGroup;
			children = (
				25AD33C51DAB27630027667D /* UIControl+JCControl.h */,
				25AD33C61DAB27630027667D /* UIControl+JCControl.m */,
			);
			path = UIControl;
			sourceTree = "<group>";
		};
		25AD33F31DAB394C0027667D /* UIAlertView */ = {
			isa = PBXGroup;
			children = (
				25AD33F41DAB39630027667D /* UIAlertView+JCStream.h */,
				25AD33F51DAB39630027667D /* UIAlertView+JCStream.m */,
			);
			path = UIAlertView;
			sourceTree = "<group>";
		};
		25AD33F71DAB5ED60027667D /* NSException */ = {
			isa = PBXGroup;
			children = (
				25AD33F81DAB5EF60027667D /* NSException+JCException.h */,
				25AD33F91DAB5EF60027667D /* NSException+JCException.m */,
			);
			path = NSException;
			sourceTree = "<group>";
		};
		25AD33FB1DAB864F0027667D /* UIImagePickerController */ = {
			isa = PBXGroup;
			children = (
				25AD33FC1DAB86600027667D /* UIImagePickerController+JCStream.h */,
				25AD33FD1DAB86600027667D /* UIImagePickerController+JCStream.m */,
			);
			path = UIImagePickerController;
			sourceTree = "<group>";
		};
		25C5058D1D9E6D1A00F3063D /* UIFont */ = {
			isa = PBXGroup;
			children = (
				25C5058E1D9E6D3D00F3063D /* JCFontViewController.h */,
				25C5058F1D9E6D3D00F3063D /* JCFontViewController.m */,
			);
			path = UIFont;
			sourceTree = "<group>";
		};
		25C505931DA0C6F400F3063D /* NSObject */ = {
			isa = PBXGroup;
			children = (
				25C505941DA0C70A00F3063D /* NSObject+JCObject.h */,
				25C505951DA0C70A00F3063D /* NSObject+JCObject.m */,
			);
			path = NSObject;
			sourceTree = "<group>";
		};
		25C505981DA0CBA700F3063D /* UITextField */ = {
			isa = PBXGroup;
			children = (
				25C505991DA0CBBA00F3063D /* UITextField+JCTextField.h */,
				25C5059A1DA0CBBA00F3063D /* UITextField+JCTextField.m */,
			);
			path = UITextField;
			sourceTree = "<group>";
		};
		25C5059E1DA0E67400F3063D /* Archive */ = {
			isa = PBXGroup;
			children = (
				25C5059F1DA0E67F00F3063D /* JCArchiveTool.h */,
				25C505A01DA0E67F00F3063D /* JCArchiveTool.m */,
				25C505A11DA0E67F00F3063D /* JCEncodeModel.h */,
				25C505A21DA0E67F00F3063D /* JCEncodeModel.m */,
			);
			path = Archive;
			sourceTree = "<group>";
		};
		25C505A81DA1370A00F3063D /* UIView */ = {
			isa = PBXGroup;
			children = (
				25C505A91DA1371C00F3063D /* UIView+JCView.h */,
				25C505AA1DA1371C00F3063D /* UIView+JCView.m */,
			);
			path = UIView;
			sourceTree = "<group>";
		};
		25C505AC1DA14FF600F3063D /* UIWebView */ = {
			isa = PBXGroup;
			children = (
				25C505AD1DA1500100F3063D /* UIWebView+JCJavaScript.h */,
				25C505AE1DA1500100F3063D /* UIWebView+JCJavaScript.m */,
			);
			path = UIWebView;
			sourceTree = "<group>";
		};
		25F840531DA9E124006DF28B /* Utility */ = {
			isa = PBXGroup;
			children = (
				25F840541DA9E12C006DF28B /* JCWeakProxy.h */,
				25F840551DA9E12C006DF28B /* JCWeakProxy.m */,
			);
			path = Utility;
			sourceTree = "<group>";
		};
		25F840601DAA147E006DF28B /* Layout */ = {
			isa = PBXGroup;
			children = (
				25F840611DAA149B006DF28B /* UIView+JCLayout.h */,
				25F840621DAA149B006DF28B /* UIView+JCLayout.m */,
				25F840631DAA149B006DF28B /* UIView+JCRect.h */,
				25F840641DAA149B006DF28B /* UIView+JCRect.m */,
			);
			path = Layout;
			sourceTree = "<group>";
		};
		25F840671DAA1B2D006DF28B /* NSArray */ = {
			isa = PBXGroup;
			children = (
				25F840681DAA1B3B006DF28B /* NSArray+JCBlock.h */,
				25F840691DAA1B3B006DF28B /* NSArray+JCBlock.m */,
			);
			path = NSArray;
			sourceTree = "<group>";
		};
		25F8406B1DAA218D006DF28B /* NSDictionary */ = {
			isa = PBXGroup;
			children = (
				25F8406C1DAA219D006DF28B /* NSDictionary+JCBlock.h */,
				25F8406D1DAA219D006DF28B /* NSDictionary+JCBlock.m */,
			);
			path = NSDictionary;
			sourceTree = "<group>";
		};
		25F8406F1DAA2B1D006DF28B /* Customer */ = {
			isa = PBXGroup;
			children = (
				25F840701DAA2B36006DF28B /* Popup(弹窗) */,
			);
			path = Customer;
			sourceTree = "<group>";
		};
		25F840701DAA2B36006DF28B /* Popup(弹窗) */ = {
			isa = PBXGroup;
			children = (
				25F840711DAA2B77006DF28B /* JCPopupBaseView.h */,
				25F840721DAA2B77006DF28B /* JCPopupBaseView.m */,
			);
			name = "Popup(弹窗)";
			path = Popup;
			sourceTree = "<group>";
		};
/* End PBXGroup section */

/* Begin PBXNativeTarget section */
		252C10FA1D9AA5EC00D2E8F0 /* JCKitDemo */ = {
			isa = PBXNativeTarget;
			buildConfigurationList = 252C11121D9AA5EC00D2E8F0 /* Build configuration list for PBXNativeTarget "JCKitDemo" */;
			buildPhases = (
				252C10F71D9AA5EC00D2E8F0 /* Sources */,
				252C10F81D9AA5EC00D2E8F0 /* Frameworks */,
				252C10F91D9AA5EC00D2E8F0 /* Resources */,
			);
			buildRules = (
			);
			dependencies = (
			);
			name = JCKitDemo;
			productName = JCKitDemo;
			productReference = 252C10FB1D9AA5EC00D2E8F0 /* JCKitDemo.app */;
			productType = "com.apple.product-type.application";
		};
		252C118A1D9DF47C00D2E8F0 /* JCKitDemoTests */ = {
			isa = PBXNativeTarget;
			buildConfigurationList = 252C11921D9DF47C00D2E8F0 /* Build configuration list for PBXNativeTarget "JCKitDemoTests" */;
			buildPhases = (
				252C11871D9DF47C00D2E8F0 /* Sources */,
				252C11881D9DF47C00D2E8F0 /* Frameworks */,
				252C11891D9DF47C00D2E8F0 /* Resources */,
			);
			buildRules = (
			);
			dependencies = (
				252C11911D9DF47C00D2E8F0 /* PBXTargetDependency */,
			);
			name = JCKitDemoTests;
			productName = JCKitDemoTests;
			productReference = 252C118B1D9DF47C00D2E8F0 /* JCKitDemoTests.xctest */;
			productType = "com.apple.product-type.bundle.unit-test";
		};
/* End PBXNativeTarget section */

/* Begin PBXProject section */
		252C10F31D9AA5EC00D2E8F0 /* Project object */ = {
			isa = PBXProject;
			attributes = {
				LastUpgradeCheck = 0730;
				ORGANIZATIONNAME = molin;
				TargetAttributes = {
					252C10FA1D9AA5EC00D2E8F0 = {
						CreatedOnToolsVersion = 7.3.1;
					};
					252C118A1D9DF47C00D2E8F0 = {
						CreatedOnToolsVersion = 7.3.1;
						DevelopmentTeam = VAF8WS6RGF;
						TestTargetID = 252C10FA1D9AA5EC00D2E8F0;
					};
				};
			};
			buildConfigurationList = 252C10F61D9AA5EC00D2E8F0 /* Build configuration list for PBXProject "JCKitDemo" */;
			compatibilityVersion = "Xcode 3.2";
			developmentRegion = English;
			hasScannedForEncodings = 0;
			knownRegions = (
				en,
				Base,
			);
			mainGroup = 252C10F21D9AA5EC00D2E8F0;
			productRefGroup = 252C10FC1D9AA5EC00D2E8F0 /* Products */;
			projectDirPath = "";
			projectRoot = "";
			targets = (
				252C10FA1D9AA5EC00D2E8F0 /* JCKitDemo */,
				252C118A1D9DF47C00D2E8F0 /* JCKitDemoTests */,
			);
		};
/* End PBXProject section */

/* Begin PBXResourcesBuildPhase section */
		252C10F91D9AA5EC00D2E8F0 /* Resources */ = {
			isa = PBXResourcesBuildPhase;
			buildActionMask = 2147483647;
			files = (
				252C110E1D9AA5EC00D2E8F0 /* LaunchScreen.storyboard in Resources */,
				252C110B1D9AA5EC00D2E8F0 /* Assets.xcassets in Resources */,
				252C11091D9AA5EC00D2E8F0 /* Main.storyboard in Resources */,
			);
			runOnlyForDeploymentPostprocessing = 0;
		};
		252C11891D9DF47C00D2E8F0 /* Resources */ = {
			isa = PBXResourcesBuildPhase;
			buildActionMask = 2147483647;
			files = (
			);
			runOnlyForDeploymentPostprocessing = 0;
		};
/* End PBXResourcesBuildPhase section */

/* Begin PBXSourcesBuildPhase section */
		252C10F71D9AA5EC00D2E8F0 /* Sources */ = {
			isa = PBXSourcesBuildPhase;
			buildActionMask = 2147483647;
			files = (
				252C117F1D9CF86E00D2E8F0 /* UIImage+JCImage.m in Sources */,
				252C112D1D9B5EBC00D2E8F0 /* NSObject+JCJSON.m in Sources */,
				25C505901D9E6D3D00F3063D /* JCFontViewController.m in Sources */,
				252C11061D9AA5EC00D2E8F0 /* ViewController.m in Sources */,
				252C117B1D9CEDB400D2E8F0 /* UIFont+JCScale.m in Sources */,
				252C11421D9B629D00D2E8F0 /* JCSQLite3.m in Sources */,
				252C11861D9D61C000D2E8F0 /* JCClassInfo.m in Sources */,
				252C11291D9B59EF00D2E8F0 /* NSObject+JCObserverKVO.m in Sources */,
				25AD33C31DAA38FF0027667D /* JCPopupViewController.m in Sources */,
				252C113E1D9B620000D2E8F0 /* NSTimer+JCBlock.m in Sources */,
				252C11281D9B59EF00D2E8F0 /* NSObject+JCBind.m in Sources */,
				252C11731D9CC1AA00D2E8F0 /* JCUIDeviceExampleViewController.m in Sources */,
				259313EB1DA550FB006A4897 /* JCStream.m in Sources */,
				252C11771D9CEB5C00D2E8F0 /* UIApplication+JCApplication.m in Sources */,
				25AD33C71DAB27630027667D /* UIControl+JCControl.m in Sources */,
				252C11541D9BBF8200D2E8F0 /* UIColor+JCColor.m in Sources */,
				252C113D1D9B620000D2E8F0 /* NSDate+JCDate.m in Sources */,
				252C11031D9AA5EC00D2E8F0 /* AppDelegate.m in Sources */,
				25C505961DA0C70A00F3063D /* NSObject+JCObject.m in Sources */,
				252C11271D9B59EF00D2E8F0 /* JCObserver.m in Sources */,
				252C115B1D9BD20200D2E8F0 /* UIButton+JCButtonSimplify.m in Sources */,
				25F8406A1DAA1B3B006DF28B /* NSArray+JCBlock.m in Sources */,
				25AD33BF1DAA387B0027667D /* JCCustomerDemoViewController.m in Sources */,
				25AD33FA1DAB5EF60027667D /* NSException+JCException.m in Sources */,
				252C11631D9BD52100D2E8F0 /* UIDevice+JCDevice.m in Sources */,
				25F8406E1DAA219D006DF28B /* NSDictionary+JCBlock.m in Sources */,
				25F840731DAA2B77006DF28B /* JCPopupBaseView.m in Sources */,
				252C115F1D9BD24700D2E8F0 /* UIScreen+JCScale.m in Sources */,
				25AD33FE1DAB86600027667D /* UIImagePickerController+JCStream.m in Sources */,
				25F840661DAA149B006DF28B /* UIView+JCRect.m in Sources */,
				25C505A41DA0E67F00F3063D /* JCEncodeModel.m in Sources */,
				252C11831D9D167E00D2E8F0 /* NSNumber+JCNumber.m in Sources */,
				25F840291DA8D09B006DF28B /* JCBaseViewController.m in Sources */,
				259414BC1DA79BF9004FE594 /* NSObject+JCStram.m in Sources */,
				25C505A31DA0E67F00F3063D /* JCArchiveTool.m in Sources */,
				252C11491D9B641A00D2E8F0 /* NSString+JCString.m in Sources */,
				25F840651DAA149B006DF28B /* UIView+JCLayout.m in Sources */,
				252C116C1D9CBD4C00D2E8F0 /* JCFoundationExampleViewController.m in Sources */,
				25AD33F61DAB39630027667D /* UIAlertView+JCStream.m in Sources */,
				252C116F1D9CBD7000D2E8F0 /* JCUIKitExampleViewController.m in Sources */,
				25F840561DA9E12C006DF28B /* JCWeakProxy.m in Sources */,
				25C5059B1DA0CBBA00F3063D /* UITextField+JCTextField.m in Sources */,
				252C11001D9AA5EC00D2E8F0 /* main.m in Sources */,
				252C113C1D9B620000D2E8F0 /* NSData+JCData.m in Sources */,
				252C11571D9BC87B00D2E8F0 /* UIColor+JCSeries.m in Sources */,
			);
			runOnlyForDeploymentPostprocessing = 0;
		};
		252C11871D9DF47C00D2E8F0 /* Sources */ = {
			isa = PBXSourcesBuildPhase;
			buildActionMask = 2147483647;
			files = (
				25C505AB1DA1371C00F3063D /* UIView+JCView.m in Sources */,
				25C505AF1DA1500100F3063D /* UIWebView+JCJavaScript.m in Sources */,
				252C118E1D9DF47C00D2E8F0 /* JCKitDemoTests.m in Sources */,
				252C11971D9DF58100D2E8F0 /* JCPerson.m in Sources */,
			);
			runOnlyForDeploymentPostprocessing = 0;
		};
/* End PBXSourcesBuildPhase section */

/* Begin PBXTargetDependency section */
		252C11911D9DF47C00D2E8F0 /* PBXTargetDependency */ = {
			isa = PBXTargetDependency;
			target = 252C10FA1D9AA5EC00D2E8F0 /* JCKitDemo */;
			targetProxy = 252C11901D9DF47C00D2E8F0 /* PBXContainerItemProxy */;
		};
/* End PBXTargetDependency section */

/* Begin PBXVariantGroup section */
		252C11071D9AA5EC00D2E8F0 /* Main.storyboard */ = {
			isa = PBXVariantGroup;
			children = (
				252C11081D9AA5EC00D2E8F0 /* Base */,
			);
			name = Main.storyboard;
			sourceTree = "<group>";
		};
		252C110C1D9AA5EC00D2E8F0 /* LaunchScreen.storyboard */ = {
			isa = PBXVariantGroup;
			children = (
				252C110D1D9AA5EC00D2E8F0 /* Base */,
			);
			name = LaunchScreen.storyboard;
			sourceTree = "<group>";
		};
/* End PBXVariantGroup section */

/* Begin XCBuildConfiguration section */
		252C11101D9AA5EC00D2E8F0 /* Debug */ = {
			isa = XCBuildConfiguration;
			buildSettings = {
				ALWAYS_SEARCH_USER_PATHS = NO;
				CLANG_ANALYZER_NONNULL = YES;
				CLANG_CXX_LANGUAGE_STANDARD = "gnu++0x";
				CLANG_CXX_LIBRARY = "libc++";
				CLANG_ENABLE_MODULES = YES;
				CLANG_ENABLE_OBJC_ARC = YES;
				CLANG_WARN_BOOL_CONVERSION = YES;
				CLANG_WARN_CONSTANT_CONVERSION = YES;
				CLANG_WARN_DIRECT_OBJC_ISA_USAGE = YES_ERROR;
				CLANG_WARN_EMPTY_BODY = YES;
				CLANG_WARN_ENUM_CONVERSION = YES;
				CLANG_WARN_INT_CONVERSION = YES;
				CLANG_WARN_OBJC_ROOT_CLASS = YES_ERROR;
				CLANG_WARN_UNREACHABLE_CODE = YES;
				CLANG_WARN__DUPLICATE_METHOD_MATCH = YES;
				"CODE_SIGN_IDENTITY[sdk=iphoneos*]" = "iPhone Developer";
				COPY_PHASE_STRIP = NO;
				DEBUG_INFORMATION_FORMAT = dwarf;
				ENABLE_STRICT_OBJC_MSGSEND = YES;
				ENABLE_TESTABILITY = YES;
				GCC_C_LANGUAGE_STANDARD = gnu99;
				GCC_DYNAMIC_NO_PIC = NO;
				GCC_NO_COMMON_BLOCKS = YES;
				GCC_OPTIMIZATION_LEVEL = 0;
				GCC_PREPROCESSOR_DEFINITIONS = (
					"DEBUG=1",
					"$(inherited)",
				);
				GCC_WARN_64_TO_32_BIT_CONVERSION = YES;
				GCC_WARN_ABOUT_RETURN_TYPE = YES_ERROR;
				GCC_WARN_UNDECLARED_SELECTOR = YES;
				GCC_WARN_UNINITIALIZED_AUTOS = YES_AGGRESSIVE;
				GCC_WARN_UNUSED_FUNCTION = YES;
				GCC_WARN_UNUSED_VARIABLE = YES;
				IPHONEOS_DEPLOYMENT_TARGET = 9.3;
				MTL_ENABLE_DEBUG_INFO = YES;
				ONLY_ACTIVE_ARCH = YES;
				SDKROOT = iphoneos;
				TARGETED_DEVICE_FAMILY = "1,2";
			};
			name = Debug;
		};
		252C11111D9AA5EC00D2E8F0 /* Release */ = {
			isa = XCBuildConfiguration;
			buildSettings = {
				ALWAYS_SEARCH_USER_PATHS = NO;
				CLANG_ANALYZER_NONNULL = YES;
				CLANG_CXX_LANGUAGE_STANDARD = "gnu++0x";
				CLANG_CXX_LIBRARY = "libc++";
				CLANG_ENABLE_MODULES = YES;
				CLANG_ENABLE_OBJC_ARC = YES;
				CLANG_WARN_BOOL_CONVERSION = YES;
				CLANG_WARN_CONSTANT_CONVERSION = YES;
				CLANG_WARN_DIRECT_OBJC_ISA_USAGE = YES_ERROR;
				CLANG_WARN_EMPTY_BODY = YES;
				CLANG_WARN_ENUM_CONVERSION = YES;
				CLANG_WARN_INT_CONVERSION = YES;
				CLANG_WARN_OBJC_ROOT_CLASS = YES_ERROR;
				CLANG_WARN_UNREACHABLE_CODE = YES;
				CLANG_WARN__DUPLICATE_METHOD_MATCH = YES;
				"CODE_SIGN_IDENTITY[sdk=iphoneos*]" = "iPhone Developer";
				COPY_PHASE_STRIP = NO;
				DEBUG_INFORMATION_FORMAT = "dwarf-with-dsym";
				ENABLE_NS_ASSERTIONS = NO;
				ENABLE_STRICT_OBJC_MSGSEND = YES;
				GCC_C_LANGUAGE_STANDARD = gnu99;
				GCC_NO_COMMON_BLOCKS = YES;
				GCC_WARN_64_TO_32_BIT_CONVERSION = YES;
				GCC_WARN_ABOUT_RETURN_TYPE = YES_ERROR;
				GCC_WARN_UNDECLARED_SELECTOR = YES;
				GCC_WARN_UNINITIALIZED_AUTOS = YES_AGGRESSIVE;
				GCC_WARN_UNUSED_FUNCTION = YES;
				GCC_WARN_UNUSED_VARIABLE = YES;
				IPHONEOS_DEPLOYMENT_TARGET = 9.3;
				MTL_ENABLE_DEBUG_INFO = NO;
				SDKROOT = iphoneos;
				TARGETED_DEVICE_FAMILY = "1,2";
				VALIDATE_PRODUCT = YES;
			};
			name = Release;
		};
		252C11131D9AA5EC00D2E8F0 /* Debug */ = {
			isa = XCBuildConfiguration;
			buildSettings = {
				ASSETCATALOG_COMPILER_APPICON_NAME = AppIcon;
				CODE_SIGN_IDENTITY = "iPhone Developer";
				INFOPLIST_FILE = JCKitDemo/Info.plist;
				IPHONEOS_DEPLOYMENT_TARGET = 8.0;
				LD_RUNPATH_SEARCH_PATHS = "$(inherited) @executable_path/Frameworks";
				PRODUCT_BUNDLE_IDENTIFIER = molin.JCKitDemo;
				PRODUCT_NAME = "$(TARGET_NAME)";
			};
			name = Debug;
		};
		252C11141D9AA5EC00D2E8F0 /* Release */ = {
			isa = XCBuildConfiguration;
			buildSettings = {
				ASSETCATALOG_COMPILER_APPICON_NAME = AppIcon;
				CODE_SIGN_IDENTITY = "iPhone Developer";
				INFOPLIST_FILE = JCKitDemo/Info.plist;
				IPHONEOS_DEPLOYMENT_TARGET = 8.0;
				LD_RUNPATH_SEARCH_PATHS = "$(inherited) @executable_path/Frameworks";
				PRODUCT_BUNDLE_IDENTIFIER = molin.JCKitDemo;
				PRODUCT_NAME = "$(TARGET_NAME)";
			};
			name = Release;
		};
		252C11931D9DF47C00D2E8F0 /* Debug */ = {
			isa = XCBuildConfiguration;
			buildSettings = {
				BUNDLE_LOADER = "$(TEST_HOST)";
				INFOPLIST_FILE = JCKitDemoTests/Info.plist;
				LD_RUNPATH_SEARCH_PATHS = "$(inherited) @executable_path/Frameworks @loader_path/Frameworks";
				PRODUCT_BUNDLE_IDENTIFIER = molin.JCKitDemoTests;
				PRODUCT_NAME = "$(TARGET_NAME)";
				TEST_HOST = "$(BUILT_PRODUCTS_DIR)/JCKitDemo.app/JCKitDemo";
			};
			name = Debug;
		};
		252C11941D9DF47C00D2E8F0 /* Release */ = {
			isa = XCBuildConfiguration;
			buildSettings = {
				BUNDLE_LOADER = "$(TEST_HOST)";
				INFOPLIST_FILE = JCKitDemoTests/Info.plist;
				LD_RUNPATH_SEARCH_PATHS = "$(inherited) @executable_path/Frameworks @loader_path/Frameworks";
				PRODUCT_BUNDLE_IDENTIFIER = molin.JCKitDemoTests;
				PRODUCT_NAME = "$(TARGET_NAME)";
				TEST_HOST = "$(BUILT_PRODUCTS_DIR)/JCKitDemo.app/JCKitDemo";
			};
			name = Release;
		};
/* End XCBuildConfiguration section */

/* Begin XCConfigurationList section */
		252C10F61D9AA5EC00D2E8F0 /* Build configuration list for PBXProject "JCKitDemo" */ = {
			isa = XCConfigurationList;
			buildConfigurations = (
				252C11101D9AA5EC00D2E8F0 /* Debug */,
				252C11111D9AA5EC00D2E8F0 /* Release */,
			);
			defaultConfigurationIsVisible = 0;
			defaultConfigurationName = Release;
		};
		252C11121D9AA5EC00D2E8F0 /* Build configuration list for PBXNativeTarget "JCKitDemo" */ = {
			isa = XCConfigurationList;
			buildConfigurations = (
				252C11131D9AA5EC00D2E8F0 /* Debug */,
				252C11141D9AA5EC00D2E8F0 /* Release */,
			);
			defaultConfigurationIsVisible = 0;
			defaultConfigurationName = Release;
		};
		252C11921D9DF47C00D2E8F0 /* Build configuration list for PBXNativeTarget "JCKitDemoTests" */ = {
			isa = XCConfigurationList;
			buildConfigurations = (
				252C11931D9DF47C00D2E8F0 /* Debug */,
				252C11941D9DF47C00D2E8F0 /* Release */,
			);
			defaultConfigurationIsVisible = 0;
			defaultConfigurationName = Release;
		};
/* End XCConfigurationList section */
	};
	rootObject = 252C10F31D9AA5EC00D2E8F0 /* Project object */;
}
